
Microsoft Visual Studio Solution File, Format Version 12.00
# Visual Studio Version 17
VisualStudioVersion = 17.0.31903.59
MinimumVisualStudioVersion = 10.0.40219.1
Project("{2150E333-8FDC-42A3-9474-1A3956D46DE8}") = "src", "src", "{827E0CD3-B72D-47B6-A68D-7590B98EB39B}"
EndProject
Project("{2150E333-8FDC-42A3-9474-1A3956D46DE8}") = "BuildingBlocks", "BuildingBlocks", "{90298CBA-BD6F-3A0A-69D5-97CAD7B05E7E}"
EndProject
Project("{FAE04EC0-301F-11D3-BF4B-00C04F79EFBC}") = "IHostPro.BuildingBlocks.Domain", "src\BuildingBlocks\IHostPro.BuildingBlocks.Domain\IHostPro.BuildingBlocks.Domain.csproj", "{EAD0305A-F497-4D35-BCF5-0E0F0980A99C}"
EndProject
Project("{FAE04EC0-301F-11D3-BF4B-00C04F79EFBC}") = "IHostPro.BuildingBlocks.Application", "src\BuildingBlocks\IHostPro.BuildingBlocks.Application\IHostPro.BuildingBlocks.Application.csproj", "{A2169AFB-9184-4ABC-ABB9-28462FE747B4}"
EndProject
Project("{FAE04EC0-301F-11D3-BF4B-00C04F79EFBC}") = "IHostPro.BuildingBlocks.Messaging.Abstractions", "src\BuildingBlocks\IHostPro.BuildingBlocks.Messaging.Abstractions\IHostPro.BuildingBlocks.Messaging.Abstractions.csproj", "{CF5BCB91-3739-434D-9ABA-9C3F1BBA4C74}"
EndProject
Project("{FAE04EC0-301F-11D3-BF4B-00C04F79EFBC}") = "IHostPro.BuildingBlocks.Infrastructure", "src\BuildingBlocks\IHostPro.BuildingBlocks.Infrastructure\IHostPro.BuildingBlocks.Infrastructure.csproj", "{BAC7B82B-EEEB-4592-99EA-FA145E0E0E33}"
EndProject
Project("{FAE04EC0-301F-11D3-BF4B-00C04F79EFBC}") = "IHostPro.Api", "src\Host\IHostPro.Api\IHostPro.Api.csproj", "{66C517C5-FF21-47DF-9AB6-5B9B43572AB3}"
EndProject
Project("{FAE04EC0-301F-11D3-BF4B-00C04F79EFBC}") = "IHostPro.Worker", "src\Host\IHostPro.Worker\IHostPro.Worker.csproj", "{6071F775-A442-4080-8DB1-13B7C7749FD0}"
EndProject
Project("{FAE04EC0-301F-11D3-BF4B-00C04F79EFBC}") = "IHostPro.MigrationRunner", "tools\IHostPro.MigrationRunner\IHostPro.MigrationRunner.csproj", "{AB41AB8A-373E-4EDA-9F3C-DDE709F3FC01}"
EndProject
Project("{FAE04EC0-301F-11D3-BF4B-00C04F79EFBC}") = "IHostPro.ArchitectureTests", "tests\IHostPro.ArchitectureTests\IHostPro.ArchitectureTests.csproj", "{DBBBE2D7-05D1-4715-8A6C-BBE885563AD7}"
EndProject
Project("{2150E333-8FDC-42A3-9474-1A3956D46DE8}") = "Contexts", "Contexts", "{1318515A-FEA5-ABF0-E55F-DEF84563DA65}"
EndProject
Project("{2150E333-8FDC-42A3-9474-1A3956D46DE8}") = "Identity", "Identity", "{8D881716-CF41-43E2-DA24-C52AC9FCCF8C}"
EndProject
Project("{FAE04EC0-301F-11D3-BF4B-00C04F79EFBC}") = "IHostPro.Contexts.Identity.Domain", "src\Contexts\Identity\IHostPro.Contexts.Identity.Domain\IHostPro.Contexts.Identity.Domain.csproj", "{6A2E0541-BF92-429F-B1FB-2133714E117A}"
EndProject
Project("{FAE04EC0-301F-11D3-BF4B-00C04F79EFBC}") = "IHostPro.Contexts.Identity.Application", "src\Contexts\Identity\IHostPro.Contexts.Identity.Application\IHostPro.Contexts.Identity.Application.csproj", "{EA1EFB05-53BE-40B7-B0C0-23910862EBC8}"
EndProject
Project("{FAE04EC0-301F-11D3-BF4B-00C04F79EFBC}") = "IHostPro.Contexts.Identity.Infrastructure", "src\Contexts\Identity\IHostPro.Contexts.Identity.Infrastructure\IHostPro.Contexts.Identity.Infrastructure.csproj", "{5AADE61E-68C7-4240-AA78-59B700A79E0A}"
EndProject
Project("{FAE04EC0-301F-11D3-BF4B-00C04F79EFBC}") = "IHostPro.Contexts.Identity.Contracts", "src\Contexts\Identity\IHostPro.Contexts.Identity.Contracts\IHostPro.Contexts.Identity.Contracts.csproj", "{3A1D6A8B-B201-4D55-8AA3-DA22C32200FC}"
EndProject
Project("{FAE04EC0-301F-11D3-BF4B-00C04F79EFBC}") = "IHostPro.Contexts.Identity.Api", "src\Contexts\Identity\IHostPro.Contexts.Identity.Api\IHostPro.Contexts.Identity.Api.csproj", "{5F089542-E3E4-496A-A1E3-B433C5AABF59}"
EndProject
Project("{FAE04EC0-301F-11D3-BF4B-00C04F79EFBC}") = "IHostPro.Contexts.Identity.Tests.Unit", "tests\Contexts\Identity\IHostPro.Contexts.Identity.Tests.Unit\IHostPro.Contexts.Identity.Tests.Unit.csproj", "{85BAB4C8-02C8-49FC-9C6C-B42266D649BA}"
EndProject
Project("{FAE04EC0-301F-11D3-BF4B-00C04F79EFBC}") = "IHostPro.Contexts.Identity.Tests.Integration", "tests\Contexts\Identity\IHostPro.Contexts.Identity.Tests.Integration\IHostPro.Contexts.Identity.Tests.Integration.csproj", "{BDE2834E-2447-4738-B21E-550573043384}"
EndProject
Project("{2150E333-8FDC-42A3-9474-1A3956D46DE8}") = "tests", "tests", "{0AB3BF05-4346-4AA6-1389-037BE0695223}"
EndProject
Project("{2150E333-8FDC-42A3-9474-1A3956D46DE8}") = "BuildingBlocks", "BuildingBlocks", "{AD3136F1-6676-2AF3-8A96-F3C6585F1CB9}"
EndProject
Project("{FAE04EC0-301F-11D3-BF4B-00C04F79EFBC}") = "IHostPro.BuildingBlocks.Tests.Unit", "tests\BuildingBlocks\IHostPro.BuildingBlocks.Tests.Unit\IHostPro.BuildingBlocks.Tests.Unit.csproj", "{4AACA7D0-0BF5-45BD-B744-FE3C624EEBEE}"
EndProject
Global
	GlobalSection(SolutionConfigurationPlatforms) = preSolution
		Debug|Any CPU = Debug|Any CPU
		Debug|x64 = Debug|x64
		Debug|x86 = Debug|x86
		Release|Any CPU = Release|Any CPU
		Release|x64 = Release|x64
		Release|x86 = Release|x86
	EndGlobalSection
	GlobalSection(ProjectConfigurationPlatforms) = postSolution
		{EAD0305A-F497-4D35-BCF5-0E0F0980A99C}.Debug|Any CPU.ActiveCfg = Debug|Any CPU
		{EAD0305A-F497-4D35-BCF5-0E0F0980A99C}.Debug|Any CPU.Build.0 = Debug|Any CPU
		{EAD0305A-F497-4D35-BCF5-0E0F0980A99C}.Debug|x64.ActiveCfg = Debug|Any CPU
		{EAD0305A-F497-4D35-BCF5-0E0F0980A99C}.Debug|x64.Build.0 = Debug|Any CPU
		{EAD0305A-F497-4D35-BCF5-0E0F0980A99C}.Debug|x86.ActiveCfg = Debug|Any CPU
		{EAD0305A-F497-4D35-BCF5-0E0F0980A99C}.Debug|x86.Build.0 = Debug|Any CPU
		{EAD0305A-F497-4D35-BCF5-0E0F0980A99C}.Release|Any CPU.ActiveCfg = Release|Any CPU
		{EAD0305A-F497-4D35-BCF5-0E0F0980A99C}.Release|Any CPU.Build.0 = Release|Any CPU
		{EAD0305A-F497-4D35-BCF5-0E0F0980A99C}.Release|x64.ActiveCfg = Release|Any CPU
		{EAD0305A-F497-4D35-BCF5-0E0F0980A99C}.Release|x64.Build.0 = Release|Any CPU
		{EAD0305A-F497-4D35-BCF5-0E0F0980A99C}.Release|x86.ActiveCfg = Release|Any CPU
		{EAD0305A-F497-4D35-BCF5-0E0F0980A99C}.Release|x86.Build.0 = Release|Any CPU
		{A2169AFB-9184-4ABC-ABB9-28462FE747B4}.Debug|Any CPU.ActiveCfg = Debug|Any CPU
		{A2169AFB-9184-4ABC-ABB9-28462FE747B4}.Debug|Any CPU.Build.0 = Debug|Any CPU
		{A2169AFB-9184-4ABC-ABB9-28462FE747B4}.Debug|x64.ActiveCfg = Debug|Any CPU
		{A2169AFB-9184-4ABC-ABB9-28462FE747B4}.Debug|x64.Build.0 = Debug|Any CPU
		{A2169AFB-9184-4ABC-ABB9-28462FE747B4}.Debug|x86.ActiveCfg = Debug|Any CPU
		{A2169AFB-9184-4ABC-ABB9-28462FE747B4}.Debug|x86.Build.0 = Debug|Any CPU
		{A2169AFB-9184-4ABC-ABB9-28462FE747B4}.Release|Any CPU.ActiveCfg = Release|Any CPU
		{A2169AFB-9184-4ABC-ABB9-28462FE747B4}.Release|Any CPU.Build.0 = Release|Any CPU
		{A2169AFB-9184-4ABC-ABB9-28462FE747B4}.Release|x64.ActiveCfg = Release|Any CPU
		{A2169AFB-9184-4ABC-ABB9-28462FE747B4}.Release|x64.Build.0 = Release|Any CPU
		{A2169AFB-9184-4ABC-ABB9-28462FE747B4}.Release|x86.ActiveCfg = Release|Any CPU
		{A2169AFB-9184-4ABC-ABB9-28462FE747B4}.Release|x86.Build.0 = Release|Any CPU
		{CF5BCB91-3739-434D-9ABA-9C3F1BBA4C74}.Debug|Any CPU.ActiveCfg = Debug|Any CPU
		{CF5BCB91-3739-434D-9ABA-9C3F1BBA4C74}.Debug|Any CPU.Build.0 = Debug|Any CPU
		{CF5BCB91-3739-434D-9ABA-9C3F1BBA4C74}.Debug|x64.ActiveCfg = Debug|Any CPU
		{CF5BCB91-3739-434D-9ABA-9C3F1BBA4C74}.Debug|x64.Build.0 = Debug|Any CPU
		{CF5BCB91-3739-434D-9ABA-9C3F1BBA4C74}.Debug|x86.ActiveCfg = Debug|Any CPU
		{CF5BCB91-3739-434D-9ABA-9C3F1BBA4C74}.Debug|x86.Build.0 = Debug|Any CPU
		{CF5BCB91-3739-434D-9ABA-9C3F1BBA4C74}.Release|Any CPU.ActiveCfg = Release|Any CPU
		{CF5BCB91-3739-434D-9ABA-9C3F1BBA4C74}.Release|Any CPU.Build.0 = Release|Any CPU
		{CF5BCB91-3739-434D-9ABA-9C3F1BBA4C74}.Release|x64.ActiveCfg = Release|Any CPU
		{CF5BCB91-3739-434D-9ABA-9C3F1BBA4C74}.Release|x64.Build.0 = Release|Any CPU
		{CF5BCB91-3739-434D-9ABA-9C3F1BBA4C74}.Release|x86.ActiveCfg = Release|Any CPU
		{CF5BCB91-3739-434D-9ABA-9C3F1BBA4C74}.Release|x86.Build.0 = Release|Any CPU
		{BAC7B82B-EEEB-4592-99EA-FA145E0E0E33}.Debug|Any CPU.ActiveCfg = Debug|Any CPU
		{BAC7B82B-EEEB-4592-99EA-FA145E0E0E33}.Debug|Any CPU.Build.0 = Debug|Any CPU
		{BAC7B82B-EEEB-4592-99EA-FA145E0E0E33}.Debug|x64.ActiveCfg = Debug|Any CPU
		{BAC7B82B-EEEB-4592-99EA-FA145E0E0E33}.Debug|x64.Build.0 = Debug|Any CPU
		{BAC7B82B-EEEB-4592-99EA-FA145E0E0E33}.Debug|x86.ActiveCfg = Debug|Any CPU
		{BAC7B82B-EEEB-4592-99EA-FA145E0E0E33}.Debug|x86.Build.0 = Debug|Any CPU
		{BAC7B82B-EEEB-4592-99EA-FA145E0E0E33}.Release|Any CPU.ActiveCfg = Release|Any CPU
		{BAC7B82B-EEEB-4592-99EA-FA145E0E0E33}.Release|Any CPU.Build.0 = Release|Any CPU
		{BAC7B82B-EEEB-4592-99EA-FA145E0E0E33}.Release|x64.ActiveCfg = Release|Any CPU
		{BAC7B82B-EEEB-4592-99EA-FA145E0E0E33}.Release|x64.Build.0 = Release|Any CPU
		{BAC7B82B-EEEB-4592-99EA-FA145E0E0E33}.Release|x86.ActiveCfg = Release|Any CPU
		{BAC7B82B-EEEB-4592-99EA-FA145E0E0E33}.Release|x86.Build.0 = Release|Any CPU
		{66C517C5-FF21-47DF-9AB6-5B9B43572AB3}.Debug|Any CPU.ActiveCfg = Debug|Any CPU
		{66C517C5-FF21-47DF-9AB6-5B9B43572AB3}.Debug|Any CPU.Build.0 = Debug|Any CPU
		{66C517C5-FF21-47DF-9AB6-5B9B43572AB3}.Debug|x64.ActiveCfg = Debug|Any CPU
		{66C517C5-FF21-47DF-9AB6-5B9B43572AB3}.Debug|x64.Build.0 = Debug|Any CPU
		{66C517C5-FF21-47DF-9AB6-5B9B43572AB3}.Debug|x86.ActiveCfg = Debug|Any CPU
		{66C517C5-FF21-47DF-9AB6-5B9B43572AB3}.Debug|x86.Build.0 = Debug|Any CPU
		{66C517C5-FF21-47DF-9AB6-5B9B43572AB3}.Release|Any CPU.ActiveCfg = Release|Any CPU
		{66C517C5-FF21-47DF-9AB6-5B9B43572AB3}.Release|Any CPU.Build.0 = Release|Any CPU
		{66C517C5-FF21-47DF-9AB6-5B9B43572AB3}.Release|x64.ActiveCfg = Release|Any CPU
		{66C517C5-FF21-47DF-9AB6-5B9B43572AB3}.Release|x64.Build.0 = Release|Any CPU
		{66C517C5-FF21-47DF-9AB6-5B9B43572AB3}.Release|x86.ActiveCfg = Release|Any CPU
		{66C517C5-FF21-47DF-9AB6-5B9B43572AB3}.Release|x86.Build.0 = Release|Any CPU
		{6071F775-A442-4080-8DB1-13B7C7749FD0}.Debug|Any CPU.ActiveCfg = Debug|Any CPU
		{6071F775-A442-4080-8DB1-13B7C7749FD0}.Debug|Any CPU.Build.0 = Debug|Any CPU
		{6071F775-A442-4080-8DB1-13B7C7749FD0}.Debug|x64.ActiveCfg = Debug|Any CPU
		{6071F775-A442-4080-8DB1-13B7C7749FD0}.Debug|x64.Build.0 = Debug|Any CPU
		{6071F775-A442-4080-8DB1-13B7C7749FD0}.Debug|x86.ActiveCfg = Debug|Any CPU
		{6071F775-A442-4080-8DB1-13B7C7749FD0}.Debug|x86.Build.0 = Debug|Any CPU
		{6071F775-A442-4080-8DB1-13B7C7749FD0}.Release|Any CPU.ActiveCfg = Release|Any CPU
		{6071F775-A442-4080-8DB1-13B7C7749FD0}.Release|Any CPU.Build.0 = Release|Any CPU
		{6071F775-A442-4080-8DB1-13B7C7749FD0}.Release|x64.ActiveCfg = Release|Any CPU
		{6071F775-A442-4080-8DB1-13B7C7749FD0}.Release|x64.Build.0 = Release|Any CPU
		{6071F775-A442-4080-8DB1-13B7C7749FD0}.Release|x86.ActiveCfg = Release|Any CPU
		{6071F775-A442-4080-8DB1-13B7C7749FD0}.Release|x86.Build.0 = Release|Any CPU
		{AB41AB8A-373E-4EDA-9F3C-DDE709F3FC01}.Debug|Any CPU.ActiveCfg = Debug|Any CPU
		{AB41AB8A-373E-4EDA-9F3C-DDE709F3FC01}.Debug|Any CPU.Build.0 = Debug|Any CPU
		{AB41AB8A-373E-4EDA-9F3C-DDE709F3FC01}.Debug|x64.ActiveCfg = Debug|Any CPU
		{AB41AB8A-373E-4EDA-9F3C-DDE709F3FC01}.Debug|x64.Build.0 = Debug|Any CPU
		{AB41AB8A-373E-4EDA-9F3C-DDE709F3FC01}.Debug|x86.ActiveCfg = Debug|Any CPU
		{AB41AB8A-373E-4EDA-9F3C-DDE709F3FC01}.Debug|x86.Build.0 = Debug|Any CPU
		{AB41AB8A-373E-4EDA-9F3C-DDE709F3FC01}.Release|Any CPU.ActiveCfg = Release|Any CPU
		{AB41AB8A-373E-4EDA-9F3C-DDE709F3FC01}.Release|Any CPU.Build.0 = Release|Any CPU
		{AB41AB8A-373E-4EDA-9F3C-DDE709F3FC01}.Release|x64.ActiveCfg = Release|Any CPU
		{AB41AB8A-373E-4EDA-9F3C-DDE709F3FC01}.Release|x64.Build.0 = Release|Any CPU
		{AB41AB8A-373E-4EDA-9F3C-DDE709F3FC01}.Release|x86.ActiveCfg = Release|Any CPU
		{AB41AB8A-373E-4EDA-9F3C-DDE709F3FC01}.Release|x86.Build.0 = Release|Any CPU
		{DBBBE2D7-05D1-4715-8A6C-BBE885563AD7}.Debug|Any CPU.ActiveCfg = Debug|Any CPU
		{DBBBE2D7-05D1-4715-8A6C-BBE885563AD7}.Debug|Any CPU.Build.0 = Debug|Any CPU
		{DBBBE2D7-05D1-4715-8A6C-BBE885563AD7}.Debug|x64.ActiveCfg = Debug|Any CPU
		{DBBBE2D7-05D1-4715-8A6C-BBE885563AD7}.Debug|x64.Build.0 = Debug|Any CPU
		{DBBBE2D7-05D1-4715-8A6C-BBE885563AD7}.Debug|x86.ActiveCfg = Debug|Any CPU
		{DBBBE2D7-05D1-4715-8A6C-BBE885563AD7}.Debug|x86.Build.0 = Debug|Any CPU
		{DBBBE2D7-05D1-4715-8A6C-BBE885563AD7}.Release|Any CPU.ActiveCfg = Release|Any CPU
		{DBBBE2D7-05D1-4715-8A6C-BBE885563AD7}.Release|Any CPU.Build.0 = Release|Any CPU
		{DBBBE2D7-05D1-4715-8A6C-BBE885563AD7}.Release|x64.ActiveCfg = Release|Any CPU
		{DBBBE2D7-05D1-4715-8A6C-BBE885563AD7}.Release|x64.Build.0 = Release|Any CPU
		{DBBBE2D7-05D1-4715-8A6C-BBE885563AD7}.Release|x86.ActiveCfg = Release|Any CPU
		{DBBBE2D7-05D1-4715-8A6C-BBE885563AD7}.Release|x86.Build.0 = Release|Any CPU
		{6A2E0541-BF92-429F-B1FB-2133714E117A}.Debug|Any CPU.ActiveCfg = Debug|Any CPU
		{6A2E0541-BF92-429F-B1FB-2133714E117A}.Debug|Any CPU.Build.0 = Debug|Any CPU
		{6A2E0541-BF92-429F-B1FB-2133714E117A}.Debug|x64.ActiveCfg = Debug|Any CPU
		{6A2E0541-BF92-429F-B1FB-2133714E117A}.Debug|x64.Build.0 = Debug|Any CPU
		{6A2E0541-BF92-429F-B1FB-2133714E117A}.Debug|x86.ActiveCfg = Debug|Any CPU
		{6A2E0541-BF92-429F-B1FB-2133714E117A}.Debug|x86.Build.0 = Debug|Any CPU
		{6A2E0541-BF92-429F-B1FB-2133714E117A}.Release|Any CPU.ActiveCfg = Release|Any CPU
		{6A2E0541-BF92-429F-B1FB-2133714E117A}.Release|Any CPU.Build.0 = Release|Any CPU
		{6A2E0541-BF92-429F-B1FB-2133714E117A}.Release|x64.ActiveCfg = Release|Any CPU
		{6A2E0541-BF92-429F-B1FB-2133714E117A}.Release|x64.Build.0 = Release|Any CPU
		{6A2E0541-BF92-429F-B1FB-2133714E117A}.Release|x86.ActiveCfg = Release|Any CPU
		{6A2E0541-BF92-429F-B1FB-2133714E117A}.Release|x86.Build.0 = Release|Any CPU
		{EA1EFB05-53BE-40B7-B0C0-23910862EBC8}.Debug|Any CPU.ActiveCfg = Debug|Any CPU
		{EA1EFB05-53BE-40B7-B0C0-23910862EBC8}.Debug|Any CPU.Build.0 = Debug|Any CPU
		{EA1EFB05-53BE-40B7-B0C0-23910862EBC8}.Debug|x64.ActiveCfg = Debug|Any CPU
		{EA1EFB05-53BE-40B7-B0C0-23910862EBC8}.Debug|x64.Build.0 = Debug|Any CPU
		{EA1EFB05-53BE-40B7-B0C0-23910862EBC8}.Debug|x86.ActiveCfg = Debug|Any CPU
		{EA1EFB05-53BE-40B7-B0C0-23910862EBC8}.Debug|x86.Build.0 = Debug|Any CPU
		{EA1EFB05-53BE-40B7-B0C0-23910862EBC8}.Release|Any CPU.ActiveCfg = Release|Any CPU
		{EA1EFB05-53BE-40B7-B0C0-23910862EBC8}.Release|Any CPU.Build.0 = Release|Any CPU
		{EA1EFB05-53BE-40B7-B0C0-23910862EBC8}.Release|x64.ActiveCfg = Release|Any CPU
		{EA1EFB05-53BE-40B7-B0C0-23910862EBC8}.Release|x64.Build.0 = Release|Any CPU
		{EA1EFB05-53BE-40B7-B0C0-23910862EBC8}.Release|x86.ActiveCfg = Release|Any CPU
		{EA1EFB05-53BE-40B7-B0C0-23910862EBC8}.Release|x86.Build.0 = Release|Any CPU
		{5AADE61E-68C7-4240-AA78-59B700A79E0A}.Debug|Any CPU.ActiveCfg = Debug|Any CPU
		{5AADE61E-68C7-4240-AA78-59B700A79E0A}.Debug|Any CPU.Build.0 = Debug|Any CPU
		{5AADE61E-68C7-4240-AA78-59B700A79E0A}.Debug|x64.ActiveCfg = Debug|Any CPU
		{5AADE61E-68C7-4240-AA78-59B700A79E0A}.Debug|x64.Build.0 = Debug|Any CPU
		{5AADE61E-68C7-4240-AA78-59B700A79E0A}.Debug|x86.ActiveCfg = Debug|Any CPU
		{5AADE61E-68C7-4240-AA78-59B700A79E0A}.Debug|x86.Build.0 = Debug|Any CPU
		{5AADE61E-68C7-4240-AA78-59B700A79E0A}.Release|Any CPU.ActiveCfg = Release|Any CPU
		{5AADE61E-68C7-4240-AA78-59B700A79E0A}.Release|Any CPU.Build.0 = Release|Any CPU
		{5AADE61E-68C7-4240-AA78-59B700A79E0A}.Release|x64.ActiveCfg = Release|Any CPU
		{5AADE61E-68C7-4240-AA78-59B700A79E0A}.Release|x64.Build.0 = Release|Any CPU
		{5AADE61E-68C7-4240-AA78-59B700A79E0A}.Release|x86.ActiveCfg = Release|Any CPU
		{5AADE61E-68C7-4240-AA78-59B700A79E0A}.Release|x86.Build.0 = Release|Any CPU
		{3A1D6A8B-B201-4D55-8AA3-DA22C32200FC}.Debug|Any CPU.ActiveCfg = Debug|Any CPU
		{3A1D6A8B-B201-4D55-8AA3-DA22C32200FC}.Debug|Any CPU.Build.0 = Debug|Any CPU
		{3A1D6A8B-B201-4D55-8AA3-DA22C32200FC}.Debug|x64.ActiveCfg = Debug|Any CPU
		{3A1D6A8B-B201-4D55-8AA3-DA22C32200FC}.Debug|x64.Build.0 = Debug|Any CPU
		{3A1D6A8B-B201-4D55-8AA3-DA22C32200FC}.Debug|x86.ActiveCfg = Debug|Any CPU
		{3A1D6A8B-B201-4D55-8AA3-DA22C32200FC}.Debug|x86.Build.0 = Debug|Any CPU
		{3A1D6A8B-B201-4D55-8AA3-DA22C32200FC}.Release|Any CPU.ActiveCfg = Release|Any CPU
		{3A1D6A8B-B201-4D55-8AA3-DA22C32200FC}.Release|Any CPU.Build.0 = Release|Any CPU
		{3A1D6A8B-B201-4D55-8AA3-DA22C32200FC}.Release|x64.ActiveCfg = Release|Any CPU
		{3A1D6A8B-B201-4D55-8AA3-DA22C32200FC}.Release|x64.Build.0 = Release|Any CPU
		{3A1D6A8B-B201-4D55-8AA3-DA22C32200FC}.Release|x86.ActiveCfg = Release|Any CPU
		{3A1D6A8B-B201-4D55-8AA3-DA22C32200FC}.Release|x86.Build.0 = Release|Any CPU
		{5F089542-E3E4-496A-A1E3-B433C5AABF59}.Debug|Any CPU.ActiveCfg = Debug|Any CPU
		{5F089542-E3E4-496A-A1E3-B433C5AABF59}.Debug|Any CPU.Build.0 = Debug|Any CPU
		{5F089542-E3E4-496A-A1E3-B433C5AABF59}.Debug|x64.ActiveCfg = Debug|Any CPU
		{5F089542-E3E4-496A-A1E3-B433C5AABF59}.Debug|x64.Build.0 = Debug|Any CPU
		{5F089542-E3E4-496A-A1E3-B433C5AABF59}.Debug|x86.ActiveCfg = Debug|Any CPU
		{5F089542-E3E4-496A-A1E3-B433C5AABF59}.Debug|x86.Build.0 = Debug|Any CPU
		{5F089542-E3E4-496A-A1E3-B433C5AABF59}.Release|Any CPU.ActiveCfg = Release|Any CPU
		{5F089542-E3E4-496A-A1E3-B433C5AABF59}.Release|Any CPU.Build.0 = Release|Any CPU
		{5F089542-E3E4-496A-A1E3-B433C5AABF59}.Release|x64.ActiveCfg = Release|Any CPU
		{5F089542-E3E4-496A-A1E3-B433C5AABF59}.Release|x64.Build.0 = Release|Any CPU
		{5F089542-E3E4-496A-A1E3-B433C5AABF59}.Release|x86.ActiveCfg = Release|Any CPU
		{5F089542-E3E4-496A-A1E3-B433C5AABF59}.Release|x86.Build.0 = Release|Any CPU
		{85BAB4C8-02C8-49FC-9C6C-B42266D649BA}.Debug|Any CPU.ActiveCfg = Debug|Any CPU
		{85BAB4C8-02C8-49FC-9C6C-B42266D649BA}.Debug|Any CPU.Build.0 = Debug|Any CPU
		{85BAB4C8-02C8-49FC-9C6C-B42266D649BA}.Debug|x64.ActiveCfg = Debug|Any CPU
		{85BAB4C8-02C8-49FC-9C6C-B42266D649BA}.Debug|x64.Build.0 = Debug|Any CPU
		{85BAB4C8-02C8-49FC-9C6C-B42266D649BA}.Debug|x86.ActiveCfg = Debug|Any CPU
		{85BAB4C8-02C8-49FC-9C6C-B42266D649BA}.Debug|x86.Build.0 = Debug|Any CPU
		{85BAB4C8-02C8-49FC-9C6C-B42266D649BA}.Release|Any CPU.ActiveCfg = Release|Any CPU
		{85BAB4C8-02C8-49FC-9C6C-B42266D649BA}.Release|Any CPU.Build.0 = Release|Any CPU
		{85BAB4C8-02C8-49FC-9C6C-B42266D649BA}.Release|x64.ActiveCfg = Release|Any CPU
		{85BAB4C8-02C8-49FC-9C6C-B42266D649BA}.Release|x64.Build.0 = Release|Any CPU
		{85BAB4C8-02C8-49FC-9C6C-B42266D649BA}.Release|x86.ActiveCfg = Release|Any CPU
		{85BAB4C8-02C8-49FC-9C6C-B42266D649BA}.Release|x86.Build.0 = Release|Any CPU
		{BDE2834E-2447-4738-B21E-550573043384}.Debug|Any CPU.ActiveCfg = Debug|Any CPU
		{BDE2834E-2447-4738-B21E-550573043384}.Debug|Any CPU.Build.0 = Debug|Any CPU
		{BDE2834E-2447-4738-B21E-550573043384}.Debug|x64.ActiveCfg = Debug|Any CPU
		{BDE2834E-2447-4738-B21E-550573043384}.Debug|x64.Build.0 = Debug|Any CPU
		{BDE2834E-2447-4738-B21E-550573043384}.Debug|x86.ActiveCfg = Debug|Any CPU
		{BDE2834E-2447-4738-B21E-550573043384}.Debug|x86.Build.0 = Debug|Any CPU
		{BDE2834E-2447-4738-B21E-550573043384}.Release|Any CPU.ActiveCfg = Release|Any CPU
		{BDE2834E-2447-4738-B21E-550573043384}.Release|Any CPU.Build.0 = Release|Any CPU
		{BDE2834E-2447-4738-B21E-550573043384}.Release|x64.ActiveCfg = Release|Any CPU
		{BDE2834E-2447-4738-B21E-550573043384}.Release|x64.Build.0 = Release|Any CPU
		{BDE2834E-2447-4738-B21E-550573043384}.Release|x86.ActiveCfg = Release|Any CPU
		{BDE2834E-2447-4738-B21E-550573043384}.Release|x86.Build.0 = Release|Any CPU
		{4AACA7D0-0BF5-45BD-B744-FE3C624EEBEE}.Debug|Any CPU.ActiveCfg = Debug|Any CPU
		{4AACA7D0-0BF5-45BD-B744-FE3C624EEBEE}.Debug|Any CPU.Build.0 = Debug|Any CPU
		{4AACA7D0-0BF5-45BD-B744-FE3C624EEBEE}.Debug|x64.ActiveCfg = Debug|Any CPU
		{4AACA7D0-0BF5-45BD-B744-FE3C624EEBEE}.Debug|x64.Build.0 = Debug|Any CPU
		{4AACA7D0-0BF5-45BD-B744-FE3C624EEBEE}.Debug|x86.ActiveCfg = Debug|Any CPU
		{4AACA7D0-0BF5-45BD-B744-FE3C624EEBEE}.Debug|x86.Build.0 = Debug|Any CPU
		{4AACA7D0-0BF5-45BD-B744-FE3C624EEBEE}.Release|Any CPU.ActiveCfg = Release|Any CPU
		{4AACA7D0-0BF5-45BD-B744-FE3C624EEBEE}.Release|Any CPU.Build.0 = Release|Any CPU
		{4AACA7D0-0BF5-45BD-B744-FE3C624EEBEE}.Release|x64.ActiveCfg = Release|Any CPU
		{4AACA7D0-0BF5-45BD-B744-FE3C624EEBEE}.Release|x64.Build.0 = Release|Any CPU
		{4AACA7D0-0BF5-45BD-B744-FE3C624EEBEE}.Release|x86.ActiveCfg = Release|Any CPU
		{4AACA7D0-0BF5-45BD-B744-FE3C624EEBEE}.Release|x86.Build.0 = Release|Any CPU
	EndGlobalSection
	GlobalSection(SolutionProperties) = preSolution
		HideSolutionNode = FALSE
	EndGlobalSection
	GlobalSection(NestedProjects) = preSolution
		{90298CBA-BD6F-3A0A-69D5-97CAD7B05E7E} = {827E0CD3-B72D-47B6-A68D-7590B98EB39B}
		{EAD0305A-F497-4D35-BCF5-0E0F0980A99C} = {90298CBA-BD6F-3A0A-69D5-97CAD7B05E7E}
		{A2169AFB-9184-4ABC-ABB9-28462FE747B4} = {90298CBA-BD6F-3A0A-69D5-97CAD7B05E7E}
		{CF5BCB91-3739-434D-9ABA-9C3F1BBA4C74} = {90298CBA-BD6F-3A0A-69D5-97CAD7B05E7E}
		{BAC7B82B-EEEB-4592-99EA-FA145E0E0E33} = {90298CBA-BD6F-3A0A-69D5-97CAD7B05E7E}
		{66C517C5-FF21-47DF-9AB6-5B9B43572AB3} = {90298CBA-BD6F-3A0A-69D5-97CAD7B05E7E}
		{6071F775-A442-4080-8DB1-13B7C7749FD0} = {90298CBA-BD6F-3A0A-69D5-97CAD7B05E7E}
		{AB41AB8A-373E-4EDA-9F3C-DDE709F3FC01} = {90298CBA-BD6F-3A0A-69D5-97CAD7B05E7E}
		{DBBBE2D7-05D1-4715-8A6C-BBE885563AD7} = {90298CBA-BD6F-3A0A-69D5-97CAD7B05E7E}
		{8D881716-CF41-43E2-DA24-C52AC9FCCF8C} = {1318515A-FEA5-ABF0-E55F-DEF84563DA65}
		{6A2E0541-BF92-429F-B1FB-2133714E117A} = {8D881716-CF41-43E2-DA24-C52AC9FCCF8C}
		{EA1EFB05-53BE-40B7-B0C0-23910862EBC8} = {8D881716-CF41-43E2-DA24-C52AC9FCCF8C}
		{5AADE61E-68C7-4240-AA78-59B700A79E0A} = {8D881716-CF41-43E2-DA24-C52AC9FCCF8C}
		{3A1D6A8B-B201-4D55-8AA3-DA22C32200FC} = {8D881716-CF41-43E2-DA24-C52AC9FCCF8C}
		{5F089542-E3E4-496A-A1E3-B433C5AABF59} = {8D881716-CF41-43E2-DA24-C52AC9FCCF8C}
		{85BAB4C8-02C8-49FC-9C6C-B42266D649BA} = {8D881716-CF41-43E2-DA24-C52AC9FCCF8C}
		{BDE2834E-2447-4738-B21E-550573043384} = {8D881716-CF41-43E2-DA24-C52AC9FCCF8C}
		{AD3136F1-6676-2AF3-8A96-F3C6585F1CB9} = {0AB3BF05-4346-4AA6-1389-037BE0695223}
		{4AACA7D0-0BF5-45BD-B744-FE3C624EEBEE} = {AD3136F1-6676-2AF3-8A96-F3C6585F1CB9}
	EndGlobalSection
EndGlobal
